
Microsoft Visual Studio Solution File, Format Version 12.00
# Visual Studio Version 17
VisualStudioVersion = 17.0.31919.166
MinimumVisualStudioVersion = 10.0.40219.1
Project("{FAE04EC0-301F-11D3-BF4B-00C04F79EFBC}") = "SchoolProjektArbete", "SchoolProjektArbete\SchoolProjektArbete.csproj", "{88A0C6B3-934F-40D0-BCF9-C3B38A795883}"
EndProject
Project("{2150E333-8FDC-42A3-9474-1A3956D46DE8}") = "Solution Items", "Solution Items", "{3099BDF3-D4BB-4AB0-A306-388A0877CC1F}"
	ProjectSection(SolutionItems) = preProject
		.editorconfig = .editorconfig
	EndProjectSection
EndProject
Global
	GlobalSection(SolutionConfigurationPlatforms) = preSolution
		Debug|Any CPU = Debug|Any CPU
		Release|Any CPU = Release|Any CPU
	EndGlobalSection
	GlobalSection(ProjectConfigurationPlatforms) = postSolution
		{88A0C6B3-934F-40D0-BCF9-C3B38A795883}.Debug|Any CPU.ActiveCfg = Debug|Any CPU
		{88A0C6B3-934F-40D0-BCF9-C3B38A795883}.Debug|Any CPU.Build.0 = Debug|Any CPU
		{88A0C6B3-934F-40D0-BCF9-C3B38A795883}.Release|Any CPU.ActiveCfg = Release|Any CPU
		{88A0C6B3-934F-40D0-BCF9-C3B38A795883}.Release|Any CPU.Build.0 = Release|Any CPU
	EndGlobalSection
	GlobalSection(SolutionProperties) = preSolution
		HideSolutionNode = FALSE
	EndGlobalSection
	GlobalSection(ExtensibilityGlobals) = postSolution
		SolutionGuid = {EBACC258-40A4-460B-8506-86E1208A220F}
	EndGlobalSection
EndGlobal
